
Microsoft Visual Studio Solution File, Format Version 12.00
# Visual Studio Version 16
VisualStudioVersion = 16.0.30320.27
MinimumVisualStudioVersion = 10.0.40219.1
Project("{151D2E53-A2C4-4D7D-83FE-D05416EBD58E}") = "AzureWorkshop", "AzureWorkshop\AzureWorkshop.deployproj", "{1DC283CA-BA1D-444D-ADC3-43F42A907C4B}"
EndProject
Global
	GlobalSection(SolutionConfigurationPlatforms) = preSolution
		Debug|Any CPU = Debug|Any CPU
		Release|Any CPU = Release|Any CPU
	EndGlobalSection
	GlobalSection(ProjectConfigurationPlatforms) = postSolution
		{1DC283CA-BA1D-444D-ADC3-43F42A907C4B}.Debug|Any CPU.ActiveCfg = Debug|Any CPU
		{1DC283CA-BA1D-444D-ADC3-43F42A907C4B}.Debug|Any CPU.Build.0 = Debug|Any CPU
		{1DC283CA-BA1D-444D-ADC3-43F42A907C4B}.Release|Any CPU.ActiveCfg = Release|Any CPU
		{1DC283CA-BA1D-444D-ADC3-43F42A907C4B}.Release|Any CPU.Build.0 = Release|Any CPU
	EndGlobalSection
	GlobalSection(SolutionProperties) = preSolution
		HideSolutionNode = FALSE
	EndGlobalSection
	GlobalSection(ExtensibilityGlobals) = postSolution
		SolutionGuid = {E3C72FBE-AF05-4B78-B72A-B837CA65DB00}
	EndGlobalSection
EndGlobal
